# This file was autogenerated by Stack.
# You should not edit this file by hand.
# For more information, please see the documentation at:
#   https://docs.haskellstack.org/en/stable/lock_files

packages:
- completed:
    hackage: cuda-0.11.0.1@sha256:106db3e688ba2e1e64380d8f281518f5b05d3448e9e33fd75039d69366af1ec7,5672
    pantry-tree:
      sha256: 61dee02277c8b56e3a3a994a8af7646a542e95c329d38d481cc2602827e79219
      size: 3857
  original:
    hackage: cuda-0.11.0.1
- completed:
    hackage: nvvm-0.10.0.1@sha256:13b54669b580e27455bbab8d0e3d09711646d2655dd9dd80ec48f16aa8841689,2456
    pantry-tree:
      sha256: 1941b8f5e5aa7fa433d73a2c6bc607343d041fc53ce109a86ecc1d47194b541f
      size: 684
  original:
    hackage: nvvm-0.10.0.1
- completed:
    hackage: OptDir-0.0.4@sha256:7a59a4e225a1ea402b82377c9057cf258e45d9d7913b2edd010f7ae8b9e4f8af,861
    pantry-tree:
      sha256: 1acdb5033f2f1750e622fb4a2bf5f5de5eac9d3129a61c3b92bfed17f64d6607
      size: 256
  original:
    hackage: OptDir-0.0.4
- completed:
    hackage: bytestring-encoding-0.1.2.0@sha256:e5678542336945984b129039647e4438da8fcf8784d75630a2f8fcb8c4bc91da,1921
    pantry-tree:
      sha256: 9674345d3ddcc61a6409b9a9159d6d03338cb2ca385d434d9acf5f3b8026c404
      size: 715
  original:
    hackage: bytestring-encoding-0.1.2.0
- completed:
    hackage: fclabels-2.0.5.1@sha256:0ec200ff51561ed6ee60fa52d47427cd4bbbb3ace618884465ce2b27840cc1d7,4621
    pantry-tree:
      sha256: a4e783458909c5916eab9b606225b0ee01fb53bafd3e72d75e7ed18811df7fad
      size: 1008
  original:
    hackage: fclabels-2.0.5.1
- completed:
    name: llvm-hs
    pantry-tree:
      sha256: 21f74a6f51fae6c0a0fcf3e6620a59f341289ac743998b41ed3276fd1b7d8862
      size: 12716
    sha256: 2c1b676496382a33e430f17429112fc6f4ebc34bea5be966a6b290af4040513b
    size: 9802201
    subdir: llvm-hs
    url: https://github.com/llvm-hs/llvm-hs/archive/e4b3cfa47e72f094ab109884f18acfc666b0fb7d.tar.gz
    version: 15.0.0
  original:
    subdir: llvm-hs
    url: https://github.com/llvm-hs/llvm-hs/archive/e4b3cfa47e72f094ab109884f18acfc666b0fb7d.tar.gz
- completed:
    name: llvm-hs-pure
    pantry-tree:
      sha256: b512f9e5f8f2b3e3a06bad2fa5ff053a83d817798c7efcd47e254e68c842169d
      size: 2712
    sha256: 2c1b676496382a33e430f17429112fc6f4ebc34bea5be966a6b290af4040513b
    size: 9802201
    subdir: llvm-hs-pure
    url: https://github.com/llvm-hs/llvm-hs/archive/e4b3cfa47e72f094ab109884f18acfc666b0fb7d.tar.gz
    version: 15.0.0
  original:
    subdir: llvm-hs-pure
    url: https://github.com/llvm-hs/llvm-hs/archive/e4b3cfa47e72f094ab109884f18acfc666b0fb7d.tar.gz
snapshots:
- completed:
    sha256: fb482b8e2d5d061cdda4ba1da2957c012740c893a5ee1c1b99001adae7b1fbe7
    size: 640046
    url: https://raw.githubusercontent.com/commercialhaskell/stackage-snapshots/master/lts/21/19.yaml
  original:
    url: https://raw.githubusercontent.com/commercialhaskell/stackage-snapshots/master/lts/21/19.yaml
